PODS:
  - Base58Swift (2.1.10):
    - BigInt (~> 5.0.0)
  - BeaconBlockchainSubstrate (3.1.0):
    - BeaconCore (~> 3.1.0)
  - BeaconBlockchainTezos (3.1.0):
    - BeaconCore (~> 3.1.0)
  - BeaconClientWallet (3.1.0):
    - BeaconCore (~> 3.1.0)
  - BeaconCore (3.1.0):
    - Base58Swift (~> 2.1.0)
    - Sodium (~> 0.9.1)
  - beacondart (0.0.1):
    - BeaconBlockchainSubstrate
    - BeaconBlockchainTezos
    - BeaconClientWallet
    - BeaconCore
    - BeaconTransportP2PMatrix
    - Flutter
  - BeaconTransportP2PMatrix (3.1.0):
    - BeaconCore (~> 3.1.0)
  - BigInt (5.0.0)
  - Flutter (1.0.0)
  - Sodium (0.9.1)

DEPENDENCIES:
  - beacondart (from `.symlinks/plugins/beacondart/ios`)
  - Flutter (from `Flutter`)

SPEC REPOS:
  trunk:
    - Base58Swift
    - BeaconBlockchainSubstrate
    - BeaconBlockchainTezos
    - BeaconClientWallet
    - BeaconCore
    - BeaconTransportP2PMatrix
    - BigInt
    - Sodium

EXTERNAL SOURCES:
  beacondart:
    :path: ".symlinks/plugins/beacondart/ios"
  Flutter:
    :path: Flutter

SPEC CHECKSUMS:
  Base58Swift: 53d551f0b33d9478fa63b3445e453a772d6b31a7
  BeaconBlockchainSubstrate: 756559d26194cec7a0fa3a5c154b144481346da6
  BeaconBlockchainTezos: cec3acbffee93de39cf65a48a71a80107b5f54c2
  BeaconClientWallet: 1ace31cc9b248ac97a3b6016675f93059a8d8bd3
  BeaconCore: 16619de3b08d533406c13ed6d5339ed9b68b4498
  beacondart: 06b6a99d11ddf12096fbbed6fec09a4a807b987f
  BeaconTransportP2PMatrix: 78b3e0b490c5bd9584c7e0ae9e925b1bba8b1720
  BigInt: 74b4d88367b0e819d9f77393549226d36faeb0d8
  Flutter: 50d75fe2f02b26cc09d224853bb45737f8b3214a
  Sodium: 23d11554ecd556196d313cf6130d406dfe7ac6da

PODFILE CHECKSUM: cc1f88378b4bfcf93a6ce00d2c587857c6008d3b

COCOAPODS: 1.11.2
